PODS:
  - Flutter (1.0.0)
  - hyperpay_plugin (0.0.3):
    - Flutter
    - hyperpay_sdk (~> 5.1.0)
  - hyperpay_sdk (5.1.0)

DEPENDENCIES:
  - Flutter (from `Flutter`)
  - hyperpay_plugin (from `.symlinks/plugins/hyperpay_plugin/ios`)
  - hyperpay_sdk (from `https://github.com/ARCO-Rec/oppwamobile-ios-sdk.git`)

EXTERNAL SOURCES:
  Flutter:
    :path: Flutter
  hyperpay_plugin:
    :path: ".symlinks/plugins/hyperpay_plugin/ios"
  hyperpay_sdk:
    :git: https://github.com/ARCO-Rec/oppwamobile-ios-sdk.git

CHECKOUT OPTIONS:
  hyperpay_sdk:
    :commit: 83de8ac118109f2c27fc3a28d3e2d9596b99388d
    :git: https://github.com/ARCO-Rec/oppwamobile-ios-sdk.git

SPEC CHECKSUMS:
  Flutter: e0871f40cf51350855a761d2e70bf5af5b9b5de7
  hyperpay_plugin: 26d5632113a28ebbeaa7c3a95dc5ab78f829afe3
  hyperpay_sdk: 46044e04ba7cad39906fbd7b2e41e97fb0c947e3

PODFILE CHECKSUM: b82e9a55c179c573a4c1ec519e1c6bdc26bf826b

COCOAPODS: 1.16.2
